
Microsoft Visual Studio Solution File, Format Version 12.00
# Visual Studio 15
Project("{FAE04EC0-301F-11D3-BF4B-00C04F79EFBC}") = "Assembly-CSharp", "Assembly-CSharp.csproj", "{C4FF9EAA-A678-D98D-E8F4-91A829A435D8}"
EndProject
Project("{FAE04EC0-301F-11D3-BF4B-00C04F79EFBC}") = "Assembly-CSharp-Editor", "Assembly-CSharp-Editor.csproj", "{F9F040C7-9C6F-92CE-8BD1-CEE799E5C867}"
EndProject
Global
	GlobalSection(SolutionConfigurationPlatforms) = preSolution
		Debug|Any CPU = Debug|Any CPU
		Release|Any CPU = Release|Any CPU
	EndGlobalSection
	GlobalSection(ProjectConfigurationPlatforms) = postSolution
		{C4FF9EAA-A678-D98D-E8F4-91A829A435D8}.Debug|Any CPU.ActiveCfg = Debug|Any CPU
		{C4FF9EAA-A678-D98D-E8F4-91A829A435D8}.Debug|Any CPU.Build.0 = Debug|Any CPU
		{C4FF9EAA-A678-D98D-E8F4-91A829A435D8}.Release|Any CPU.ActiveCfg = Release|Any CPU
		{C4FF9EAA-A678-D98D-E8F4-91A829A435D8}.Release|Any CPU.Build.0 = Release|Any CPU
		{F9F040C7-9C6F-92CE-8BD1-CEE799E5C867}.Debug|Any CPU.ActiveCfg = Debug|Any CPU
		{F9F040C7-9C6F-92CE-8BD1-CEE799E5C867}.Debug|Any CPU.Build.0 = Debug|Any CPU
		{F9F040C7-9C6F-92CE-8BD1-CEE799E5C867}.Release|Any CPU.ActiveCfg = Release|Any CPU
		{F9F040C7-9C6F-92CE-8BD1-CEE799E5C867}.Release|Any CPU.Build.0 = Release|Any CPU
	EndGlobalSection
	GlobalSection(SolutionProperties) = preSolution
		HideSolutionNode = FALSE
	EndGlobalSection
EndGlobal
